{
  "nodes": {
    "dmenu-src": {
      "flake": false,
      "locked": {
        "lastModified": 1778175873,
        "narHash": "sha256-RXmyTYkNt8MhQadG4AVidD88HDXmtwQeQV/KbGlttGg=",
        "owner": "sonic371",
        "repo": "dmenu",
        "rev": "ccae9b52ec20bcb665bdaca53125bb137dcd07fa",
        "type": "github"
      },
      "original": {
        "owner": "sonic371",
        "repo": "dmenu",
        "rev": "ccae9b52ec20bcb665bdaca53125bb137dcd07fa",
        "type": "github"
      }
    },
    "dwm-src": {
      "flake": false,
      "locked": {
        "lastModified": 1781455374,
        "narHash": "sha256-1IMBdKSJtQbBmZNym9ZYoaFUmJAGGYpe+BUxewWCVco=",
        "owner": "sonic371",
        "repo": "dwm",
        "rev": "75bea1098a6492c88985d9343e3ef7aa48c1d687",
        "type": "github"
      },
      "original": {
        "owner": "sonic371",
        "ref": "mybuild",
        "repo": "dwm",
        "type": "github"
      }
    },
    "home-manager": {
      "inputs": {
        "nixpkgs": [
          "nixpkgs"
        ]
      },
      "locked": {
        "lastModified": 1779506708,
        "narHash": "sha256-QOD/CNm196nCJRheux/URi4/HE66fthdOMqCJoPP1Y0=",
        "owner": "nix-community",
        "repo": "home-manager",
        "rev": "3ee51fbdac8c8bdfe1e7e1fcaba6520a563f394f",
        "type": "github"
      },
      "original": {
        "owner": "nix-community",
        "ref": "release-25.11",
        "repo": "home-manager",
        "type": "github"
      }
    },
    "nixpkgs": {
      "locked": {
        "lastModified": 1780952837,
        "narHash": "sha256-Fwd1+spDtQ0hDyBwme6ufG3n4mY0UrjjFdYHv+G/Hds=",
        "owner": "NixOS",
        "repo": "nixpkgs",
        "rev": "e820eb4a444b46a19b2e03e8dfd2359439ff30fe",
        "type": "github"
      },
      "original": {
        "owner": "NixOS",
        "ref": "nixos-25.11",
        "repo": "nixpkgs",
        "type": "github"
      }
    },
    "root": {
      "inputs": {
        "dmenu-src": "dmenu-src",
        "dwm-src": "dwm-src",
        "home-manager": "home-manager",
        "nixpkgs": "nixpkgs",
        "st-src": "st-src"
      }
    },
    "st-src": {
      "flake": false,
      "locked": {
        "lastModified": 1777615198,
        "narHash": "sha256-pe26MrVb2mGvDzCU/GzY3SsxsMO8Qw0DBQox6RhR9qA=",
        "owner": "sonic371",
        "repo": "st-flexipatch",
        "rev": "5396e957352d440e343b4e6433b40f1ed7a74b83",
        "type": "github"
      },
      "original": {
        "owner": "sonic371",
        "repo": "st-flexipatch",
        "rev": "5396e957352d440e343b4e6433b40f1ed7a74b83",
        "type": "github"
      }
    }
  },
  "root": "root",
  "version": 7
}
